
Microsoft Visual Studio Solution File, Format Version 12.00
# Visual Studio Version 17
VisualStudioVersion = 17.11.35327.3
MinimumVisualStudioVersion = 10.0.40219.1
Project("{FAE04EC0-301F-11D3-BF4B-00C04F79EFBC}") = "EndpointMVC", "EndpointMVC.csproj", "{8F47F57B-52AB-49B4-976B-398292AAEEC7}"
EndProject
Global
	GlobalSection(SolutionConfigurationPlatforms) = preSolution
		Debug|Any CPU = Debug|Any CPU
		Release|Any CPU = Release|Any CPU
	EndGlobalSection
	GlobalSection(ProjectConfigurationPlatforms) = postSolution
		{8F47F57B-52AB-49B4-976B-398292AAEEC7}.Debug|Any CPU.ActiveCfg = Debug|Any CPU
		{8F47F57B-52AB-49B4-976B-398292AAEEC7}.Debug|Any CPU.Build.0 = Debug|Any CPU
		{8F47F57B-52AB-49B4-976B-398292AAEEC7}.Release|Any CPU.ActiveCfg = Release|Any CPU
		{8F47F57B-52AB-49B4-976B-398292AAEEC7}.Release|Any CPU.Build.0 = Release|Any CPU
	EndGlobalSection
	GlobalSection(SolutionProperties) = preSolution
		HideSolutionNode = FALSE
	EndGlobalSection
	GlobalSection(ExtensibilityGlobals) = postSolution
		SolutionGuid = {B8BA00D4-D512-4EEC-A209-6D97A5B7CDDB}
	EndGlobalSection
EndGlobal
